
Microsoft Visual Studio Solution File, Format Version 12.00
# Visual Studio Version 16
VisualStudioVersion = 16.0.30406.217
MinimumVisualStudioVersion = 10.0.40219.1
Project("{FAE04EC0-301F-11D3-BF4B-00C04F79EFBC}") = "WebAPI", "WebAPI\WebAPI.csproj", "{B4EF7F61-0AEA-4043-A56B-26EF64442A71}"
EndProject
Global
	GlobalSection(SolutionConfigurationPlatforms) = preSolution
		Debug|Any CPU = Debug|Any CPU
		Release|Any CPU = Release|Any CPU
	EndGlobalSection
	GlobalSection(ProjectConfigurationPlatforms) = postSolution
		{B4EF7F61-0AEA-4043-A56B-26EF64442A71}.Debug|Any CPU.ActiveCfg = Debug|Any CPU
		{B4EF7F61-0AEA-4043-A56B-26EF64442A71}.Debug|Any CPU.Build.0 = Debug|Any CPU
		{B4EF7F61-0AEA-4043-A56B-26EF64442A71}.Release|Any CPU.ActiveCfg = Release|Any CPU
		{B4EF7F61-0AEA-4043-A56B-26EF64442A71}.Release|Any CPU.Build.0 = Release|Any CPU
	EndGlobalSection
	GlobalSection(SolutionProperties) = preSolution
		HideSolutionNode = FALSE
	EndGlobalSection
	GlobalSection(ExtensibilityGlobals) = postSolution
		SolutionGuid = {D9ED19C4-7289-47CB-9C78-F3F838DECF9E}
	EndGlobalSection
EndGlobal
